# THIS IS AN AUTOGENERATED FILE. DO NOT EDIT THIS FILE DIRECTLY.
# yarn lockfile v1


"@amap/amap-jsapi-loader@^1.0.1":
  "integrity" "sha512-nPyLKt7Ow/ThHLkSvn2etQlUzqxmTVgK7bIgwdBRTg2HK5668oN7xVxkaiRe3YZEzGzfV2XgH5Jmu2T73ljejw=="
  "resolved" "https://registry.npmjs.org/@amap/amap-jsapi-loader/-/amap-jsapi-loader-1.0.1.tgz"
  "version" "1.0.1"

"@babel/parser@^7.16.4":
  "integrity" "sha512-YZWVaglMiplo7v8f1oMQ5ZPQr0vn7HPeZXxXWsxXJRjGVrzUFn9OxFQl1sb5wzfootjA/yChhW84BV+383FSOw=="
  "resolved" "https://registry.npmjs.org/@babel/parser/-/parser-7.18.5.tgz"
  "version" "7.18.5"

"@types/three@^0.141.0":
  "integrity" "sha512-OJdKDgTPVBUgc+s74DYoy4aLznbFFC38Xm4ElmU1YwGNgR7GGFVvFCX7lpVgOsT6S1zSJtGdajTsOYE8/xY9nA=="
  "resolved" "https://registry.npmjs.org/@types/three/-/three-0.141.0.tgz"
  "version" "0.141.0"
  dependencies:
    "@types/webxr" "*"

"@types/webxr@*":
  "integrity" "sha512-LQvrACV3Pj17GpkwHwXuTd733gfY+D7b9mKdrTmLdO7vo7P/o6209Qqtk63y/FCv/lspdmi0pWz6Qe/ull9kQg=="
  "resolved" "https://registry.npmjs.org/@types/webxr/-/webxr-0.4.0.tgz"
  "version" "0.4.0"

"@vitejs/plugin-vue@^2.3.3":
  "integrity" "sha512-SmQLDyhz+6lGJhPELsBdzXGc+AcaT8stgkbiTFGpXPe8Tl1tJaBw1A6pxDqDuRsVkD8uscrkx3hA7QDOoKYtyw=="
  "resolved" "https://registry.npmjs.org/@vitejs/plugin-vue/-/plugin-vue-2.3.3.tgz"
  "version" "2.3.3"

"@vue/compiler-core@3.2.37":
  "integrity" "sha512-81KhEjo7YAOh0vQJoSmAD68wLfYqJvoiD4ulyedzF+OEk/bk6/hx3fTNVfuzugIIaTrOx4PGx6pAiBRe5e9Zmg=="
  "resolved" "https://registry.npmjs.org/@vue/compiler-core/-/compiler-core-3.2.37.tgz"
  "version" "3.2.37"
  dependencies:
    "@babel/parser" "^7.16.4"
    "@vue/shared" "3.2.37"
    "estree-walker" "^2.0.2"
    "source-map" "^0.6.1"

"@vue/compiler-dom@3.2.37":
  "integrity" "sha512-yxJLH167fucHKxaqXpYk7x8z7mMEnXOw3G2q62FTkmsvNxu4FQSu5+3UMb+L7fjKa26DEzhrmCxAgFLLIzVfqQ=="
  "resolved" "https://registry.npmjs.org/@vue/compiler-dom/-/compiler-dom-3.2.37.tgz"
  "version" "3.2.37"
  dependencies:
    "@vue/compiler-core" "3.2.37"
    "@vue/shared" "3.2.37"

"@vue/compiler-sfc@3.2.37":
  "integrity" "sha512-+7i/2+9LYlpqDv+KTtWhOZH+pa8/HnX/905MdVmAcI/mPQOBwkHHIzrsEsucyOIZQYMkXUiTkmZq5am/NyXKkg=="
  "resolved" "https://registry.npmjs.org/@vue/compiler-sfc/-/compiler-sfc-3.2.37.tgz"
  "version" "3.2.37"
  dependencies:
    "@babel/parser" "^7.16.4"
    "@vue/compiler-core" "3.2.37"
    "@vue/compiler-dom" "3.2.37"
    "@vue/compiler-ssr" "3.2.37"
    "@vue/reactivity-transform" "3.2.37"
    "@vue/shared" "3.2.37"
    "estree-walker" "^2.0.2"
    "magic-string" "^0.25.7"
    "postcss" "^8.1.10"
    "source-map" "^0.6.1"

"@vue/compiler-ssr@3.2.37":
  "integrity" "sha512-7mQJD7HdXxQjktmsWp/J67lThEIcxLemz1Vb5I6rYJHR5vI+lON3nPGOH3ubmbvYGt8xEUaAr1j7/tIFWiEOqw=="
  "resolved" "https://registry.npmjs.org/@vue/compiler-ssr/-/compiler-ssr-3.2.37.tgz"
  "version" "3.2.37"
  dependencies:
    "@vue/compiler-dom" "3.2.37"
    "@vue/shared" "3.2.37"

"@vue/reactivity-transform@3.2.37":
  "integrity" "sha512-IWopkKEb+8qpu/1eMKVeXrK0NLw9HicGviJzhJDEyfxTR9e1WtpnnbYkJWurX6WwoFP0sz10xQg8yL8lgskAZg=="
  "resolved" "https://registry.npmjs.org/@vue/reactivity-transform/-/reactivity-transform-3.2.37.tgz"
  "version" "3.2.37"
  dependencies:
    "@babel/parser" "^7.16.4"
    "@vue/compiler-core" "3.2.37"
    "@vue/shared" "3.2.37"
    "estree-walker" "^2.0.2"
    "magic-string" "^0.25.7"

"@vue/reactivity@3.2.37":
  "integrity" "sha512-/7WRafBOshOc6m3F7plwzPeCu/RCVv9uMpOwa/5PiY1Zz+WLVRWiy0MYKwmg19KBdGtFWsmZ4cD+LOdVPcs52A=="
  "resolved" "https://registry.npmjs.org/@vue/reactivity/-/reactivity-3.2.37.tgz"
  "version" "3.2.37"
  dependencies:
    "@vue/shared" "3.2.37"

"@vue/runtime-core@3.2.37":
  "integrity" "sha512-JPcd9kFyEdXLl/i0ClS7lwgcs0QpUAWj+SKX2ZC3ANKi1U4DOtiEr6cRqFXsPwY5u1L9fAjkinIdB8Rz3FoYNQ=="
  "resolved" "https://registry.npmjs.org/@vue/runtime-core/-/runtime-core-3.2.37.tgz"
  "version" "3.2.37"
  dependencies:
    "@vue/reactivity" "3.2.37"
    "@vue/shared" "3.2.37"

"@vue/runtime-dom@3.2.37":
  "integrity" "sha512-HimKdh9BepShW6YozwRKAYjYQWg9mQn63RGEiSswMbW+ssIht1MILYlVGkAGGQbkhSh31PCdoUcfiu4apXJoPw=="
  "resolved" "https://registry.npmjs.org/@vue/runtime-dom/-/runtime-dom-3.2.37.tgz"
  "version" "3.2.37"
  dependencies:
    "@vue/runtime-core" "3.2.37"
    "@vue/shared" "3.2.37"
    "csstype" "^2.6.8"

"@vue/server-renderer@3.2.37":
  "integrity" "sha512-kLITEJvaYgZQ2h47hIzPh2K3jG8c1zCVbp/o/bzQOyvzaKiCquKS7AaioPI28GNxIsE/zSx+EwWYsNxDCX95MA=="
  "resolved" "https://registry.npmjs.org/@vue/server-renderer/-/server-renderer-3.2.37.tgz"
  "version" "3.2.37"
  dependencies:
    "@vue/compiler-ssr" "3.2.37"
    "@vue/shared" "3.2.37"

"@vue/shared@3.2.37":
  "integrity" "sha512-4rSJemR2NQIo9Klm1vabqWjD8rs/ZaJSzMxkMNeJS6lHiUjjUeYFbooN19NgFjztubEKh3WlZUeOLVdbbUWHsw=="
  "resolved" "https://registry.npmjs.org/@vue/shared/-/shared-3.2.37.tgz"
  "version" "3.2.37"

"clamp@^1.0.1":
  "integrity" "sha512-kgMuFyE78OC6Dyu3Dy7vcx4uy97EIbVxJB/B0eJ3bUNAkwdNcxYzgKltnyADiYwsR7SEqkkUPsEUT//OVS6XMA=="
  "resolved" "https://registry.npmjs.org/clamp/-/clamp-1.0.1.tgz"
  "version" "1.0.1"

"copy-anything@^2.0.1":
  "integrity" "sha512-1j20GZTsvKNkc4BY3NpMOM8tt///wY3FpIzozTOFO2ffuZcV61nojHXVKIy3WM+7ADCy5FVhdZYHYDdgTU0yJw=="
  "resolved" "https://registry.npmjs.org/copy-anything/-/copy-anything-2.0.6.tgz"
  "version" "2.0.6"
  dependencies:
    "is-what" "^3.14.1"

"csstype@^2.6.8":
  "integrity" "sha512-/WwNkdXfckNgw6S5R125rrW8ez139lBHWouiBvX8dfMFtcn6V81REDqnH7+CRpRipfYlyU1CmOnOxrmGcFOjeA=="
  "resolved" "https://registry.npmjs.org/csstype/-/csstype-2.6.20.tgz"
  "version" "2.6.20"

"debug@^3.2.6":
  "integrity" "sha512-CFjzYYAi4ThfiQvizrFQevTTXHtnCqWfe7x1AhgEscTz6ZbLbfoLRLPugTQyBth6f8ZERVUSyWHFD/7Wu4t1XQ=="
  "resolved" "https://registry.npmjs.org/debug/-/debug-3.2.7.tgz"
  "version" "3.2.7"
  dependencies:
    "ms" "^2.1.1"

"defined@^1.0.0":
  "integrity" "sha512-Y2caI5+ZwS5c3RiNDJ6u53VhQHv+hHKwhkI1iHvceKUHw9Df6EK2zRLfjejRgMuCuxK7PfSWIMwWecceVvThjQ=="
  "resolved" "https://registry.npmjs.org/defined/-/defined-1.0.0.tgz"
  "version" "1.0.0"

"dprop@^1.0.0":
  "integrity" "sha512-CNrGk9cBoRzsLtyGRTcjsYh0n63nLtnWelCV31DlEK/yftX05rLK7qb9et891DYLUwhadlh/lOxq7W/+8XA2pQ=="
  "resolved" "https://registry.npmjs.org/dprop/-/dprop-1.0.0.tgz"
  "version" "1.0.0"

"errno@^0.1.1":
  "integrity" "sha512-dJ6oBr5SQ1VSd9qkk7ByRgb/1SH4JZjCHSW/mr63/QcXO9zLVxvJ6Oy13nio03rxpSnVDDjFor75SjVeZWPW/A=="
  "resolved" "https://registry.npmjs.org/errno/-/errno-0.1.8.tgz"
  "version" "0.1.8"
  dependencies:
    "prr" "~1.0.1"

"esbuild-windows-64@0.14.43":
  "integrity" "sha512-8NsuNfI8xwFuJbrCuI+aBqNTYkrWErejFO5aYM+yHqyHuL8mmepLS9EPzAzk8rvfaJrhN0+RvKWAcymViHOKEw=="
  "resolved" "https://registry.npmjs.org/esbuild-windows-64/-/esbuild-windows-64-0.14.43.tgz"
  "version" "0.14.43"

"esbuild@^0.14.27":
  "integrity" "sha512-Uf94+kQmy/5jsFwKWiQB4hfo/RkM9Dh7b79p8yqd1tshULdr25G2szLz631NoH3s2ujnKEKVD16RmOxvCNKRFA=="
  "resolved" "https://registry.npmjs.org/esbuild/-/esbuild-0.14.43.tgz"
  "version" "0.14.43"
  optionalDependencies:
    "esbuild-android-64" "0.14.43"
    "esbuild-android-arm64" "0.14.43"
    "esbuild-darwin-64" "0.14.43"
    "esbuild-darwin-arm64" "0.14.43"
    "esbuild-freebsd-64" "0.14.43"
    "esbuild-freebsd-arm64" "0.14.43"
    "esbuild-linux-32" "0.14.43"
    "esbuild-linux-64" "0.14.43"
    "esbuild-linux-arm" "0.14.43"
    "esbuild-linux-arm64" "0.14.43"
    "esbuild-linux-mips64le" "0.14.43"
    "esbuild-linux-ppc64le" "0.14.43"
    "esbuild-linux-riscv64" "0.14.43"
    "esbuild-linux-s390x" "0.14.43"
    "esbuild-netbsd-64" "0.14.43"
    "esbuild-openbsd-64" "0.14.43"
    "esbuild-sunos-64" "0.14.43"
    "esbuild-windows-32" "0.14.43"
    "esbuild-windows-64" "0.14.43"
    "esbuild-windows-arm64" "0.14.43"

"estree-walker@^2.0.2":
  "integrity" "sha512-Rfkk/Mp/DL7JVje3u18FxFujQlTNR2q6QfMSMB7AvCBx91NGj/ba3kCfza0f6dVDbw7YlRf/nDrn7pQrCCyQ/w=="
  "resolved" "https://registry.npmjs.org/estree-walker/-/estree-walker-2.0.2.tgz"
  "version" "2.0.2"

"events@^1.0.2":
  "integrity" "sha512-kEcvvCBByWXGnZy6JUlgAp2gBIUjfCAV6P6TgT1/aaQKcmuAEC4OZTV1I4EWQLz2gxZw76atuVyvHhTxvi0Flw=="
  "resolved" "https://registry.npmjs.org/events/-/events-1.1.1.tgz"
  "version" "1.1.1"

"function-bind@^1.1.1":
  "integrity" "sha512-yIovAzMX49sF8Yl58fSCWJ5svSLuaibPxXQJFLmBObTuCr0Mf1KiPopGM9NiFjiYBCbfaa2Fh6breQ6ANVTI0A=="
  "resolved" "https://registry.npmjs.org/function-bind/-/function-bind-1.1.1.tgz"
  "version" "1.1.1"

"gl-mat3@^1.0.0":
  "integrity" "sha512-obeEq9y7xaDoVkwMGJNL1upwpYlPJiXJFhREaNytMqUdfHKHNna9HvImmLV8F8Ys6QOYwPPddptZNoiiec/XOg=="
  "resolved" "https://registry.npmjs.org/gl-mat3/-/gl-mat3-1.0.0.tgz"
  "version" "1.0.0"

"gl-quat@^1.0.0":
  "integrity" "sha512-Pv9yvjJgQN85EbE79S+DF50ujxDkyjfYHIyXJcCRiimU1UxMY7vEHbVkj0IWLFaDndhfZT9vVOyfdMobLlrJsQ=="
  "resolved" "https://registry.npmjs.org/gl-quat/-/gl-quat-1.0.0.tgz"
  "version" "1.0.0"
  dependencies:
    "gl-mat3" "^1.0.0"
    "gl-vec3" "^1.0.3"
    "gl-vec4" "^1.0.0"

"gl-vec2@^1.0.0":
  "integrity" "sha512-YiqaAuNsheWmUV0Sa8k94kBB0D6RWjwZztyO+trEYS8KzJ6OQB/4686gdrf59wld4hHFIvaxynO3nRxpk1Ij/A=="
  "resolved" "https://registry.npmjs.org/gl-vec2/-/gl-vec2-1.3.0.tgz"
  "version" "1.3.0"

"gl-vec3@^1.0.3":
  "integrity" "sha512-jduKUqT0SGH02l8Yl+mV1yVsDfYgQAJyXGxkJQGyxPLHRiW25DwVIRPt6uvhrEMHftJfqhqKthRcyZqNEl9Xdw=="
  "resolved" "https://registry.npmjs.org/gl-vec3/-/gl-vec3-1.1.3.tgz"
  "version" "1.1.3"

"gl-vec4@^1.0.0":
  "integrity" "sha512-/gx5zzIy75JXzke4yuwcbvK+COWf8UJbVCUPvhfsYVw1GVey4Eextk/0H0ctXnOICruNK7+GS4ILQzEQcHcPEg=="
  "resolved" "https://registry.npmjs.org/gl-vec4/-/gl-vec4-1.0.1.tgz"
  "version" "1.0.1"

"graceful-fs@^4.1.2":
  "integrity" "sha512-9ByhssR2fPVsNZj478qUUbKfmL0+t5BDVyjShtyZZLiK7ZDAArFFfopyOTj0M05wE2tJPisA4iTnnXl2YoPvOA=="
  "resolved" "https://registry.npmjs.org/graceful-fs/-/graceful-fs-4.2.10.tgz"
  "version" "4.2.10"

"has@^1.0.3":
  "integrity" "sha512-f2dvO0VU6Oej7RkWJGrehjbzMAjFp5/VKPp5tTpWIV4JHHZK1/BxbFRtf/siA2SWTe09caDmVtYYzWEIbBS4zw=="
  "resolved" "https://registry.npmjs.org/has/-/has-1.0.3.tgz"
  "version" "1.0.3"
  dependencies:
    "function-bind" "^1.1.1"

"iconv-lite@^0.6.3":
  "integrity" "sha512-4fCk79wshMdzMp2rH06qWrJE4iolqLhCUH+OiuIgU++RB0+94NlDL81atO7GX55uUKueo0txHNtvEyI6D7WdMw=="
  "resolved" "https://registry.npmjs.org/iconv-lite/-/iconv-lite-0.6.3.tgz"
  "version" "0.6.3"
  dependencies:
    "safer-buffer" ">= 2.1.2 < 3.0.0"

"image-size@~0.5.0":
  "integrity" "sha512-6TDAlDPZxUFCv+fuOkIoXT/V/f3Qbq8e37p+YOiYrUv3v9cc3/6x78VdfPgFVaB9dZYeLUfKgHRebpkm/oP2VQ=="
  "resolved" "https://registry.npmjs.org/image-size/-/image-size-0.5.5.tgz"
  "version" "0.5.5"

"is-core-module@^2.8.1":
  "integrity" "sha512-+5FPy5PnwmO3lvfMb0AsoPaBG+5KHUI0wYFXOtYPnVVVspTFUuMZNfNaNVRt3FZadstu2c8x23vykRW/NBoU6A=="
  "resolved" "https://registry.npmjs.org/is-core-module/-/is-core-module-2.9.0.tgz"
  "version" "2.9.0"
  dependencies:
    "has" "^1.0.3"

"is-what@^3.14.1":
  "integrity" "sha512-sNxgpk9793nzSs7bA6JQJGeIuRBQhAaNGG77kzYQgMkrID+lS6SlK07K5LaptscDlSaIgH+GPFzf+d75FVxozA=="
  "resolved" "https://registry.npmjs.org/is-what/-/is-what-3.14.1.tgz"
  "version" "3.14.1"

"less@*", "less@^4.1.3":
  "integrity" "sha512-w16Xk/Ta9Hhyei0Gpz9m7VS8F28nieJaL/VyShID7cYvP6IL5oHeL6p4TXSDJqZE/lNv0oJ2pGVjJsRkfwm5FA=="
  "resolved" "https://registry.npmjs.org/less/-/less-4.1.3.tgz"
  "version" "4.1.3"
  dependencies:
    "copy-anything" "^2.0.1"
    "parse-node-version" "^1.0.1"
    "tslib" "^2.3.0"
  optionalDependencies:
    "errno" "^0.1.1"
    "graceful-fs" "^4.1.2"
    "image-size" "~0.5.0"
    "make-dir" "^2.1.0"
    "mime" "^1.4.1"
    "needle" "^3.1.0"
    "source-map" "~0.6.0"

"magic-string@^0.25.7":
  "integrity" "sha512-RmF0AsMzgt25qzqqLc1+MbHmhdx0ojF2Fvs4XnOqz2ZOBXzzkEwc/dJQZCYHAn7v1jbVOjAZfK8msRn4BxO4VQ=="
  "resolved" "https://registry.npmjs.org/magic-string/-/magic-string-0.25.9.tgz"
  "version" "0.25.9"
  dependencies:
    "sourcemap-codec" "^1.4.8"

"make-dir@^2.1.0":
  "integrity" "sha512-LS9X+dc8KLxXCb8dni79fLIIUA5VyZoyjSMCwTluaXA0o27cCK0bhXkpgw+sTXVpPy/lSO57ilRixqk0vDmtRA=="
  "resolved" "https://registry.npmjs.org/make-dir/-/make-dir-2.1.0.tgz"
  "version" "2.1.0"
  dependencies:
    "pify" "^4.0.1"
    "semver" "^5.6.0"

"mime@^1.4.1":
  "integrity" "sha512-x0Vn8spI+wuJ1O6S7gnbaQg8Pxh4NNHb7KSINmEWKiPE4RKOplvijn+NkmYmmRgP68mc70j2EbeTFRsrswaQeg=="
  "resolved" "https://registry.npmjs.org/mime/-/mime-1.6.0.tgz"
  "version" "1.6.0"

"mouse-event-offset@^3.0.2":
  "integrity" "sha512-s9sqOs5B1Ykox3Xo8b3Ss2IQju4UwlW6LSR+Q5FXWpprJ5fzMLefIIItr3PH8RwzfGy6gxs/4GAmiNuZScE25w=="
  "resolved" "https://registry.npmjs.org/mouse-event-offset/-/mouse-event-offset-3.0.2.tgz"
  "version" "3.0.2"

"mouse-wheel@^1.2.0":
  "integrity" "sha512-+OfYBiUOCTWcTECES49neZwL5AoGkXE+lFjIvzwNCnYRlso+EnfvovcBxGoyQ0yQt806eSPjS675K0EwWknXmw=="
  "resolved" "https://registry.npmjs.org/mouse-wheel/-/mouse-wheel-1.2.0.tgz"
  "version" "1.2.0"
  dependencies:
    "right-now" "^1.0.0"
    "signum" "^1.0.0"
    "to-px" "^1.0.1"

"ms@^2.1.1":
  "integrity" "sha512-6FlzubTLZG3J2a/NVCAleEhjzq5oxgHyaCU9yYXvcLsvoVaHJq/s5xXI6/XXP6tz7R9xAOtHnSO/tXtF3WRTlA=="
  "resolved" "https://registry.npmjs.org/ms/-/ms-2.1.3.tgz"
  "version" "2.1.3"

"nanoid@^3.3.4":
  "integrity" "sha512-MqBkQh/OHTS2egovRtLk45wEyNXwF+cokD+1YPf9u5VfJiRdAiRwB2froX5Co9Rh20xs4siNPm8naNotSD6RBw=="
  "resolved" "https://registry.npmjs.org/nanoid/-/nanoid-3.3.4.tgz"
  "version" "3.3.4"

"needle@^3.1.0":
  "integrity" "sha512-gCE9weDhjVGCRqS8dwDR/D3GTAeyXLXuqp7I8EzH6DllZGXSUyxuqqLh+YX9rMAWaaTFyVAg6rHGL25dqvczKw=="
  "resolved" "https://registry.npmjs.org/needle/-/needle-3.1.0.tgz"
  "version" "3.1.0"
  dependencies:
    "debug" "^3.2.6"
    "iconv-lite" "^0.6.3"
    "sax" "^1.2.4"

"orbit-controls@^1.2.4":
  "integrity" "sha512-2x2MTDYrBlJEapwsPfsHcerh1WxSRHZW1i/EmNyeqTVrGPor9XR1cxQPTBahlGnYNxr6P6/kxvl8gLropxuQoA=="
  "resolved" "https://registry.npmjs.org/orbit-controls/-/orbit-controls-1.2.4.tgz"
  "version" "1.2.4"
  dependencies:
    "clamp" "^1.0.1"
    "defined" "^1.0.0"
    "gl-quat" "^1.0.0"
    "gl-vec3" "^1.0.3"
    "mouse-event-offset" "^3.0.2"
    "mouse-wheel" "^1.2.0"
    "quat-from-unit-vec3" "^1.0.0"
    "touch-pinch" "^1.0.0"

"parse-node-version@^1.0.1":
  "integrity" "sha512-3YHlOa/JgH6Mnpr05jP9eDG254US9ek25LyIxZlDItp2iJtwyaXQb57lBYLdT3MowkUFYEV2XXNAYIPlESvJlA=="
  "resolved" "https://registry.npmjs.org/parse-node-version/-/parse-node-version-1.0.1.tgz"
  "version" "1.0.1"

"parse-unit@^1.0.1":
  "integrity" "sha512-hrqldJHokR3Qj88EIlV/kAyAi/G5R2+R56TBANxNMy0uPlYcttx0jnMW6Yx5KsKPSbC3KddM/7qQm3+0wEXKxg=="
  "resolved" "https://registry.npmjs.org/parse-unit/-/parse-unit-1.0.1.tgz"
  "version" "1.0.1"

"path-parse@^1.0.7":
  "integrity" "sha512-LDJzPVEEEPR+y48z93A0Ed0yXb8pAByGWo/k5YYdYgpY2/2EsOsksJrq7lOHxryrVOn1ejG6oAp8ahvOIQD8sw=="
  "resolved" "https://registry.npmjs.org/path-parse/-/path-parse-1.0.7.tgz"
  "version" "1.0.7"

"picocolors@^1.0.0":
  "integrity" "sha512-1fygroTLlHu66zi26VoTDv8yRgm0Fccecssto+MhsZ0D/DGW2sm8E8AjW7NU5VVTRt5GxbeZ5qBuJr+HyLYkjQ=="
  "resolved" "https://registry.npmjs.org/picocolors/-/picocolors-1.0.0.tgz"
  "version" "1.0.0"

"pify@^4.0.1":
  "integrity" "sha512-uB80kBFb/tfd68bVleG9T5GGsGPjJrLAUpR5PZIrhBnIaRTQRjqdJSsIKkOP6OAIFbj7GOrcudc5pNjZ+geV2g=="
  "resolved" "https://registry.npmjs.org/pify/-/pify-4.0.1.tgz"
  "version" "4.0.1"

"postcss@^8.1.10", "postcss@^8.4.13":
  "integrity" "sha512-E398TUmfAYFPBSdzgeieK2Y1+1cpdxJx8yXbK/m57nRhKSmk1GB2tO4lbLBtlkfPQTDKfe4Xqv1ASWPpayPEig=="
  "resolved" "https://registry.npmjs.org/postcss/-/postcss-8.4.14.tgz"
  "version" "8.4.14"
  dependencies:
    "nanoid" "^3.3.4"
    "picocolors" "^1.0.0"
    "source-map-js" "^1.0.2"

"prr@~1.0.1":
  "integrity" "sha512-yPw4Sng1gWghHQWj0B3ZggWUm4qVbPwPFcRG8KyxiU7J2OHFSoEHKS+EZ3fv5l1t9CyCiop6l/ZYeWbrgoQejw=="
  "resolved" "https://registry.npmjs.org/prr/-/prr-1.0.1.tgz"
  "version" "1.0.1"

"quat-from-unit-vec3@^1.0.0":
  "integrity" "sha512-YafBjP7aQn4bAAloXlOezI1M7Yh1HpjkZOVTUwd7jn/jG2XlZ8JYkxuAuCq92+sxwwCgtpW1VT5fo71rWV1usQ=="
  "resolved" "https://registry.npmjs.org/quat-from-unit-vec3/-/quat-from-unit-vec3-1.0.0.tgz"
  "version" "1.0.0"
  dependencies:
    "gl-quat" "^1.0.0"
    "gl-vec3" "^1.0.3"

"resolve@^1.22.0":
  "integrity" "sha512-Hhtrw0nLeSrFQ7phPp4OOcVjLPIeMnRlr5mcnVuMe7M/7eBn98A3hmFRLoFo3DLZkivSYwhRUJTyPyWAk56WLw=="
  "resolved" "https://registry.npmjs.org/resolve/-/resolve-1.22.0.tgz"
  "version" "1.22.0"
  dependencies:
    "is-core-module" "^2.8.1"
    "path-parse" "^1.0.7"
    "supports-preserve-symlinks-flag" "^1.0.0"

"right-now@^1.0.0":
  "integrity" "sha512-DA8+YS+sMIVpbsuKgy+Z67L9Lxb1p05mNxRpDPNksPDEFir4vmBlUtuN9jkTGn9YMMdlBuK7XQgFiz6ws+yhSg=="
  "resolved" "https://registry.npmjs.org/right-now/-/right-now-1.0.0.tgz"
  "version" "1.0.0"

"rollup@^2.59.0":
  "integrity" "sha512-OEf0TgpC9vU6WGROJIk1JA3LR5vk/yvqlzxqdrE2CzzXnqKXNzbAwlWUXis8RS3ZPe7LAq+YUxsRa0l3r27MLA=="
  "resolved" "https://registry.npmjs.org/rollup/-/rollup-2.75.6.tgz"
  "version" "2.75.6"
  optionalDependencies:
    "fsevents" "~2.3.2"

"safer-buffer@>= 2.1.2 < 3.0.0":
  "integrity" "sha512-YZo3K82SD7Riyi0E1EQPojLz7kpepnSQI9IyPbHHg1XXXevb5dJI7tpyN2ADxGcQbHG7vcyRHk0cbwqcQriUtg=="
  "resolved" "https://registry.npmjs.org/safer-buffer/-/safer-buffer-2.1.2.tgz"
  "version" "2.1.2"

"sax@^1.2.4":
  "integrity" "sha512-NqVDv9TpANUjFm0N8uM5GxL36UgKi9/atZw+x7YFnQ8ckwFGKrl4xX4yWtrey3UJm5nP1kUbnYgLopqWNSRhWw=="
  "resolved" "https://registry.npmjs.org/sax/-/sax-1.2.4.tgz"
  "version" "1.2.4"

"semver@^5.6.0":
  "integrity" "sha512-sauaDf/PZdVgrLTNYHRtpXa1iRiKcaebiKQ1BJdpQlWH2lCvexQdX55snPFyK7QzpudqbCI0qXFfOasHdyNDGQ=="
  "resolved" "https://registry.npmjs.org/semver/-/semver-5.7.1.tgz"
  "version" "5.7.1"

"signum@^1.0.0":
  "integrity" "sha512-yodFGwcyt59XRh7w5W3jPcIQb3Bwi21suEfT7MAWnBX3iCdklJpgDgvGT9o04UonglZN5SNMfJFkHIR/jO8GHw=="
  "resolved" "https://registry.npmjs.org/signum/-/signum-1.0.0.tgz"
  "version" "1.0.0"

"source-map-js@^1.0.2":
  "integrity" "sha512-R0XvVJ9WusLiqTCEiGCmICCMplcCkIwwR11mOSD9CR5u+IXYdiseeEuXCVAjS54zqwkLcPNnmU4OeJ6tUrWhDw=="
  "resolved" "https://registry.npmjs.org/source-map-js/-/source-map-js-1.0.2.tgz"
  "version" "1.0.2"

"source-map@^0.6.1", "source-map@~0.6.0":
  "integrity" "sha512-UjgapumWlbMhkBgzT7Ykc5YXUT46F0iKu8SGXq0bcwP5dz/h0Plj6enJqjz1Zbq2l5WaqYnrVbwWOWMyF3F47g=="
  "resolved" "https://registry.npmjs.org/source-map/-/source-map-0.6.1.tgz"
  "version" "0.6.1"

"sourcemap-codec@^1.4.8":
  "integrity" "sha512-9NykojV5Uih4lgo5So5dtw+f0JgJX30KCNI8gwhz2J9A15wD0Ml6tjHKwf6fTSa6fAdVBdZeNOs9eJ71qCk8vA=="
  "resolved" "https://registry.npmjs.org/sourcemap-codec/-/sourcemap-codec-1.4.8.tgz"
  "version" "1.4.8"

"supports-preserve-symlinks-flag@^1.0.0":
  "integrity" "sha512-ot0WnXS9fgdkgIcePe6RHNk1WA8+muPa6cSjeR3V8K27q9BB1rTE3R1p7Hv0z1ZyAc8s6Vvv8DIyWf681MAt0w=="
  "resolved" "https://registry.npmjs.org/supports-preserve-symlinks-flag/-/supports-preserve-symlinks-flag-1.0.0.tgz"
  "version" "1.0.0"

"three@^0.141.0":
  "integrity" "sha512-JaSDAPWuk4RTzG5BYRQm8YZbERUxTfTDVouWgHMisS2to4E5fotMS9F2zPFNOIJyEFTTQDDKPpsgZVThKU3pXA=="
  "resolved" "https://registry.npmjs.org/three/-/three-0.141.0.tgz"
  "version" "0.141.0"

"to-px@^1.0.1":
  "integrity" "sha512-bfg3GLYrGoEzrGoE05TAL/Uw+H/qrf2ptr9V3W7U0lkjjyYnIfgxmVLUfhQ1hZpIQwin81uxhDjvUkDYsC0xWw=="
  "resolved" "https://registry.npmjs.org/to-px/-/to-px-1.1.0.tgz"
  "version" "1.1.0"
  dependencies:
    "parse-unit" "^1.0.1"

"touch-pinch@^1.0.0":
  "integrity" "sha512-If5caiHlfY2JBQYM8XWjOB4mwEidkYpjLXV6zx1uuama0lrbGNVxhzG0wSpaAdHduoGVtWKAQNoCLrgJDEnnfQ=="
  "resolved" "https://registry.npmjs.org/touch-pinch/-/touch-pinch-1.0.1.tgz"
  "version" "1.0.1"
  dependencies:
    "dprop" "^1.0.0"
    "events" "^1.0.2"
    "gl-vec2" "^1.0.0"
    "mouse-event-offset" "^3.0.2"

"tslib@^2.3.0":
  "integrity" "sha512-d6xOpEDfsi2CZVlPQzGeux8XMwLT9hssAsaPYExaQMuYskwb+x1x7J371tWlbBdWHroy99KnVB6qIkUbs5X3UQ=="
  "resolved" "https://registry.npmjs.org/tslib/-/tslib-2.4.0.tgz"
  "version" "2.4.0"

"typescript@^4.7.3":
  "integrity" "sha512-WOkT3XYvrpXx4vMMqlD+8R8R37fZkjyLGlxavMc4iB8lrl8L0DeTcHbYgw/v0N/z9wAFsgBhcsF0ruoySS22mA=="
  "resolved" "https://registry.npmjs.org/typescript/-/typescript-4.7.3.tgz"
  "version" "4.7.3"

"vite@^2.5.10", "vite@^2.9.9":
  "integrity" "sha512-suxC36dQo9Rq1qMB2qiRorNJtJAdxguu5TMvBHOc/F370KvqAe9t48vYp+/TbPKRNrMh/J55tOUmkuIqstZaew=="
  "resolved" "https://registry.npmjs.org/vite/-/vite-2.9.12.tgz"
  "version" "2.9.12"
  dependencies:
    "esbuild" "^0.14.27"
    "postcss" "^8.4.13"
    "resolve" "^1.22.0"
    "rollup" "^2.59.0"
  optionalDependencies:
    "fsevents" "~2.3.2"

"vue@^3.2.25", "vue@3.2.37":
  "integrity" "sha512-bOKEZxrm8Eh+fveCqS1/NkG/n6aMidsI6hahas7pa0w/l7jkbssJVsRhVDs07IdDq7h9KHswZOgItnwJAgtVtQ=="
  "resolved" "https://registry.npmjs.org/vue/-/vue-3.2.37.tgz"
  "version" "3.2.37"
  dependencies:
    "@vue/compiler-dom" "3.2.37"
    "@vue/compiler-sfc" "3.2.37"
    "@vue/runtime-dom" "3.2.37"
    "@vue/server-renderer" "3.2.37"
    "@vue/shared" "3.2.37"
